
Microsoft Visual Studio Solution File, Format Version 12.00
# Visual Studio 15
VisualStudioVersion = 15.0.28010.2046
MinimumVisualStudioVersion = 10.0.40219.1
Project("{FAE04EC0-301F-11D3-BF4B-00C04F79EFBC}") = "introduzione tred", "introduzione tred\introduzione tred.csproj", "{8FA612CA-99E9-4F72-83C5-B8CCFA6115EA}"
EndProject
Global
	GlobalSection(SolutionConfigurationPlatforms) = preSolution
		Debug|Any CPU = Debug|Any CPU
		Release|Any CPU = Release|Any CPU
	EndGlobalSection
	GlobalSection(ProjectConfigurationPlatforms) = postSolution
		{8FA612CA-99E9-4F72-83C5-B8CCFA6115EA}.Debug|Any CPU.ActiveCfg = Debug|Any CPU
		{8FA612CA-99E9-4F72-83C5-B8CCFA6115EA}.Debug|Any CPU.Build.0 = Debug|Any CPU
		{8FA612CA-99E9-4F72-83C5-B8CCFA6115EA}.Release|Any CPU.ActiveCfg = Release|Any CPU
		{8FA612CA-99E9-4F72-83C5-B8CCFA6115EA}.Release|Any CPU.Build.0 = Release|Any CPU
	EndGlobalSection
	GlobalSection(SolutionProperties) = preSolution
		HideSolutionNode = FALSE
	EndGlobalSection
	GlobalSection(ExtensibilityGlobals) = postSolution
		SolutionGuid = {F04F4E94-7226-4D2C-ABBC-EB48BEC0D932}
	EndGlobalSection
EndGlobal
